
Microsoft Visual Studio Solution File, Format Version 12.00
# Visual Studio Version 17
VisualStudioVersion = 17.7.34031.279
MinimumVisualStudioVersion = 10.0.40219.1
Project("{FAE04EC0-301F-11D3-BF4B-00C04F79EFBC}") = "Pipelines", "Pipelines\Pipelines.csproj", "{463AB74D-BEFC-4021-894E-BB7B3BF65B0E}"
EndProject
Project("{FAE04EC0-301F-11D3-BF4B-00C04F79EFBC}") = "Pipelines.Tests", "Pipelines.Tests\Pipelines.Tests.csproj", "{7BD36C50-CD4F-459B-9314-09453A1D9F79}"
EndProject
Global
	GlobalSection(SolutionConfigurationPlatforms) = preSolution
		Debug|Any CPU = Debug|Any CPU
		Release|Any CPU = Release|Any CPU
	EndGlobalSection
	GlobalSection(ProjectConfigurationPlatforms) = postSolution
		{463AB74D-BEFC-4021-894E-BB7B3BF65B0E}.Debug|Any CPU.ActiveCfg = Debug|Any CPU
		{463AB74D-BEFC-4021-894E-BB7B3BF65B0E}.Debug|Any CPU.Build.0 = Debug|Any CPU
		{463AB74D-BEFC-4021-894E-BB7B3BF65B0E}.Release|Any CPU.ActiveCfg = Release|Any CPU
		{463AB74D-BEFC-4021-894E-BB7B3BF65B0E}.Release|Any CPU.Build.0 = Release|Any CPU
		{7BD36C50-CD4F-459B-9314-09453A1D9F79}.Debug|Any CPU.ActiveCfg = Debug|Any CPU
		{7BD36C50-CD4F-459B-9314-09453A1D9F79}.Debug|Any CPU.Build.0 = Debug|Any CPU
		{7BD36C50-CD4F-459B-9314-09453A1D9F79}.Release|Any CPU.ActiveCfg = Release|Any CPU
		{7BD36C50-CD4F-459B-9314-09453A1D9F79}.Release|Any CPU.Build.0 = Release|Any CPU
	EndGlobalSection
	GlobalSection(SolutionProperties) = preSolution
		HideSolutionNode = FALSE
	EndGlobalSection
	GlobalSection(ExtensibilityGlobals) = postSolution
		SolutionGuid = {D60AD0A9-4A63-4FD9-B381-E5D9E90D429C}
	EndGlobalSection
EndGlobal
