
Microsoft Visual Studio Solution File, Format Version 12.00
# Visual Studio Version 17
VisualStudioVersion = 17.6.33829.357
MinimumVisualStudioVersion = 10.0.40219.1
Project("{FAE04EC0-301F-11D3-BF4B-00C04F79EFBC}") = "AsyncExpert_1_Benchmark", "AsyncExpert_1_Benchmark.csproj", "{AD1F0B59-F82C-40BF-A0E2-D883C21B0085}"
EndProject
Global
	GlobalSection(SolutionConfigurationPlatforms) = preSolution
		Debug|Any CPU = Debug|Any CPU
		Release|Any CPU = Release|Any CPU
	EndGlobalSection
	GlobalSection(ProjectConfigurationPlatforms) = postSolution
		{AD1F0B59-F82C-40BF-A0E2-D883C21B0085}.Debug|Any CPU.ActiveCfg = Debug|Any CPU
		{AD1F0B59-F82C-40BF-A0E2-D883C21B0085}.Debug|Any CPU.Build.0 = Debug|Any CPU
		{AD1F0B59-F82C-40BF-A0E2-D883C21B0085}.Release|Any CPU.ActiveCfg = Release|Any CPU
		{AD1F0B59-F82C-40BF-A0E2-D883C21B0085}.Release|Any CPU.Build.0 = Release|Any CPU
	EndGlobalSection
	GlobalSection(SolutionProperties) = preSolution
		HideSolutionNode = FALSE
	EndGlobalSection
	GlobalSection(ExtensibilityGlobals) = postSolution
		SolutionGuid = {972B58DF-507F-408A-9C19-6FF204A2C760}
	EndGlobalSection
EndGlobal
