
Microsoft Visual Studio Solution File, Format Version 12.00
# Visual Studio Version 17
VisualStudioVersion = 17.7.34031.279
MinimumVisualStudioVersion = 10.0.40219.1
Project("{FAE04EC0-301F-11D3-BF4B-00C04F79EFBC}") = "ExampleApp", "ExampleApp\ExampleApp.csproj", "{B3C7D9FD-AD9E-4C38-98C1-3A8E98466E77}"
EndProject
Global
	GlobalSection(SolutionConfigurationPlatforms) = preSolution
		Debug|Any CPU = Debug|Any CPU
		Release|Any CPU = Release|Any CPU
	EndGlobalSection
	GlobalSection(ProjectConfigurationPlatforms) = postSolution
		{B3C7D9FD-AD9E-4C38-98C1-3A8E98466E77}.Debug|Any CPU.ActiveCfg = Debug|Any CPU
		{B3C7D9FD-AD9E-4C38-98C1-3A8E98466E77}.Debug|Any CPU.Build.0 = Debug|Any CPU
		{B3C7D9FD-AD9E-4C38-98C1-3A8E98466E77}.Release|Any CPU.ActiveCfg = Release|Any CPU
		{B3C7D9FD-AD9E-4C38-98C1-3A8E98466E77}.Release|Any CPU.Build.0 = Release|Any CPU
	EndGlobalSection
	GlobalSection(SolutionProperties) = preSolution
		HideSolutionNode = FALSE
	EndGlobalSection
	GlobalSection(ExtensibilityGlobals) = postSolution
		SolutionGuid = {7716614A-CD87-40D1-BBAF-04E63DBD235A}
	EndGlobalSection
EndGlobal
